// !$*UTF8*$!
{
	archiveVersion = 1;
	classes = {
	};
	objectVersion = 54;
	objects = {

/* Begin PBXBuildFile section */
		013B738CB158A49CE8195EB9 /* TNAvatar.swift in Sources */ = {isa = PBXBuildFile; fileRef = FB334369BCC23E0F18FB201E /* TNAvatar.swift */; };
		05754950507059CC6C17D42A /* PostDetailScreen.swift in Sources */ = {isa = PBXBuildFile; fileRef = 892835DCCA6D47C477F72E1A /* PostDetailScreen.swift */; };
		05ADDCF845B501B447C59046 /* TNTextField.swift in Sources */ = {isa = PBXBuildFile; fileRef = 04F452CAF7197CC6458C04C5 /* TNTextField.swift */; };
		0605EC0224EEB15A2DE74EBC /* TrustNetApp.swift in Sources */ = {isa = PBXBuildFile; fileRef = 911472E3D6FA95EADA10EE7C /* TrustNetApp.swift */; };
		066BD5191D305E3FD7D00918 /* OTPVerificationViewModelTests.swift in Sources */ = {isa = PBXBuildFile; fileRef = CE6305855747A76D85EFD9E5 /* OTPVerificationViewModelTests.swift */; };
		0FBBF62DA5F5B05121F4401D /* AuthTokenStore.swift in Sources */ = {isa = PBXBuildFile; fileRef = 0CDF92A760CA2BAAC8F4806E /* AuthTokenStore.swift */; };
		118673B379F4ACC9A59B79C2 /* PostDetailViewModel.swift in Sources */ = {isa = PBXBuildFile; fileRef = 64E5E5A31F817FD20043C16F /* PostDetailViewModel.swift */; };
		13E1759EE6DF3E2485D3467D /* RejectedScreen.swift in Sources */ = {isa = PBXBuildFile; fileRef = A318B3CD630356E9820E3E05 /* RejectedScreen.swift */; };
		1480EFA0E2F549CE87C3B6BD /* ComposerViewModelTests.swift in Sources */ = {isa = PBXBuildFile; fileRef = A520C249812061948BE9407B /* ComposerViewModelTests.swift */; };
		17E623E29193C051A3573610 /* ComposerServiceMock.swift in Sources */ = {isa = PBXBuildFile; fileRef = 3D25CA525AF314263BEAA843 /* ComposerServiceMock.swift */; };
		1815AACD44D76EBF0D01E443 /* HomeViewModelTests.swift in Sources */ = {isa = PBXBuildFile; fileRef = CFFD5907047C6F2D32E5E690 /* HomeViewModelTests.swift */; };
		1841D8931A3F3C2AB1F57EF9 /* SignInViewModelTests.swift in Sources */ = {isa = PBXBuildFile; fileRef = 8919F8E7AA318B356B5AD0B8 /* SignInViewModelTests.swift */; };
		1AC0CB85FA08DA1BE29AE56E /* ComposerServiceTests.swift in Sources */ = {isa = PBXBuildFile; fileRef = 702FCD575CCEAB3A733CB5D3 /* ComposerServiceTests.swift */; };
		1E1EB099C000A8D02052F672 /* ComposerJourneyUITests.swift in Sources */ = {isa = PBXBuildFile; fileRef = D0448F2600E95810A297DCC1 /* ComposerJourneyUITests.swift */; };
		2094CF1DD7F0790C10DD942A /* FeatureFlags.swift in Sources */ = {isa = PBXBuildFile; fileRef = 9EFCAAC755275467F44454FF /* FeatureFlags.swift */; };
		22EB8D8DBBCA5370C17DB0ED /* AnalyticsClient.swift in Sources */ = {isa = PBXBuildFile; fileRef = F64860D3DBA3C1B2F99F4CD5 /* AnalyticsClient.swift */; };
		2371656DC542AA462CBD004D /* PreferencesViewModelTests.swift in Sources */ = {isa = PBXBuildFile; fileRef = B98B096D0B69DE299AACAF0D /* PreferencesViewModelTests.swift */; };
		27BA8A0536A33B4D173F21F5 /* FeedService.swift in Sources */ = {isa = PBXBuildFile; fileRef = 666CEEA448DAFD8AB2799C45 /* FeedService.swift */; };
		2902B666E7E2E2B15C402B5A /* SearchServiceProtocol.swift in Sources */ = {isa = PBXBuildFile; fileRef = 6DC8C2508341274BE469A2DE /* SearchServiceProtocol.swift */; };
		29F6253B93A11F307A0DFFCE /* PreferencesViewModel.swift in Sources */ = {isa = PBXBuildFile; fileRef = A3E22C9B720195451032275C /* PreferencesViewModel.swift */; };
		2A037E530AA7021EC15504F6 /* TNBadge.swift in Sources */ = {isa = PBXBuildFile; fileRef = A2BDE512280D7A4131DC01B5 /* TNBadge.swift */; };
		2A4C0F3D87A9BC1DBA3802D1 /* PreferencesModels.swift in Sources */ = {isa = PBXBuildFile; fileRef = 70D7BB6F043B61B1326AC6D3 /* PreferencesModels.swift */; };
		2A702AE143E2AA20C8E51B6E /* ExploreScreen.swift in Sources */ = {isa = PBXBuildFile; fileRef = 5E980BFF74DFB4E9BAC32087 /* ExploreScreen.swift */; };
		2B5513463BAC20F4F12A9F52 /* SearchServiceMock.swift in Sources */ = {isa = PBXBuildFile; fileRef = 04090A06441B847260B1CAE8 /* SearchServiceMock.swift */; };
		2B5F312877BE40A197C0BB54 /* OTPVerificationScreen.swift in Sources */ = {isa = PBXBuildFile; fileRef = D1AF14D50760FA133BBA8F95 /* OTPVerificationScreen.swift */; };
		2EF560C0B198428BB613F623 /* RegisterViewModel.swift in Sources */ = {isa = PBXBuildFile; fileRef = B11BC65BF4635177B10BE27B /* RegisterViewModel.swift */; };
		2EF86D6C3F3D6C3041917E61 /* FeedModels.swift in Sources */ = {isa = PBXBuildFile; fileRef = E6B3F251231CE5091ECAF3D1 /* FeedModels.swift */; };
		30222194EBAC0404C376B962 /* SplashScreen.swift in Sources */ = {isa = PBXBuildFile; fileRef = 805E74C9E77F7D6F1F385A42 /* SplashScreen.swift */; };
		30C4C069658A4282181B6754 /* HomeViewModel.swift in Sources */ = {isa = PBXBuildFile; fileRef = EACB66799298550922C7A543 /* HomeViewModel.swift */; };
		3225417190BB5E80122D9E5E /* AuthService.swift in Sources */ = {isa = PBXBuildFile; fileRef = 78257B1923E920C0858BB4DB /* AuthService.swift */; };
		3B93B7730826169A87177219 /* AuthServiceProtocol.swift in Sources */ = {isa = PBXBuildFile; fileRef = D6ED2825D017233610766436 /* AuthServiceProtocol.swift */; };
		3C07F2A471D1CC43D6E0A2DB /* ComposerContext.swift in Sources */ = {isa = PBXBuildFile; fileRef = 093DD897F9FB2CD14F515102 /* ComposerContext.swift */; };
		40F99D64CAE73AD4F4AC3097 /* AuthSessionTests.swift in Sources */ = {isa = PBXBuildFile; fileRef = D73489E49C99C2E9E1F1E3F3 /* AuthSessionTests.swift */; };
		42922245DE417E5B123414C4 /* PostPresentationTests.swift in Sources */ = {isa = PBXBuildFile; fileRef = 6FC39949A206F0339573499B /* PostPresentationTests.swift */; };
		438D266B20F9C11A1350334D /* AccessTokenProvider.swift in Sources */ = {isa = PBXBuildFile; fileRef = F55BD9277E2B86743C1A6F06 /* AccessTokenProvider.swift */; };
		440159FEA8401458A3C248DE /* TNDivider.swift in Sources */ = {isa = PBXBuildFile; fileRef = 09525BEAF3381EBC9940D324 /* TNDivider.swift */; };
		4571ADB74242903ACC3136A9 /* PreferencesJourneyUITests.swift in Sources */ = {isa = PBXBuildFile; fileRef = E29C30039A5B8906663693A2 /* PreferencesJourneyUITests.swift */; };
		46740B541AF786CDC7665FF3 /* PostCardView.swift in Sources */ = {isa = PBXBuildFile; fileRef = FE1200AB68C03A53D21DCA9B /* PostCardView.swift */; };
		474F125CE8B51B500007B673 /* SignInScreen.swift in Sources */ = {isa = PBXBuildFile; fileRef = F5E4D90DD495FE10B8F64CCF /* SignInScreen.swift */; };
		493768E44BAAACDDFDD2F751 /* NetworkClient.swift in Sources */ = {isa = PBXBuildFile; fileRef = 9D004CA61F73E80862811389 /* NetworkClient.swift */; };
		49BEDEA41BC20D4B99814124 /* BiometricAuthenticator.swift in Sources */ = {isa = PBXBuildFile; fileRef = 57AA7756DCB7819E9E40588B /* BiometricAuthenticator.swift */; };
		4AD53A4CA754EA22C9706CFF /* AppRouter.swift in Sources */ = {isa = PBXBuildFile; fileRef = 0F32C15469F5ACFA5B8AB040 /* AppRouter.swift */; };
		4AF414A4DA9AB769DE3CF75E /* Assets.xcassets in Resources */ = {isa = PBXBuildFile; fileRef = 62DDAB858D285D583D01B578 /* Assets.xcassets */; };
		50C0C23E43B778D7A3A3CB60 /* TNVerifiedBadge.swift in Sources */ = {isa = PBXBuildFile; fileRef = D4036055FB009A898FD7316C /* TNVerifiedBadge.swift */; };
		51CAFD1B113BDBB9CF41B10B /* FeedServiceProtocol.swift in Sources */ = {isa = PBXBuildFile; fileRef = 78E9E718A0E29331578EC6B0 /* FeedServiceProtocol.swift */; };
		53A0F22C352D2D50E9F7C5E6 /* NewPostVisibilityTests.swift in Sources */ = {isa = PBXBuildFile; fileRef = 33860AA8BA72ED6B9BE98443 /* NewPostVisibilityTests.swift */; };
		5513F4A37757F81CFBB08E01 /* ComposerServiceProtocol.swift in Sources */ = {isa = PBXBuildFile; fileRef = 7C0778F2B9A8AC658C31BA18 /* ComposerServiceProtocol.swift */; };
		564A65932A5AB0C055F41B49 /* PreferencesScreen.swift in Sources */ = {isa = PBXBuildFile; fileRef = C67D1972D6406091E6242839 /* PreferencesScreen.swift */; };
		5882902EA1CDD353512039CD /* VerificationWallTests.swift in Sources */ = {isa = PBXBuildFile; fileRef = B88850910786E65151A6589A /* VerificationWallTests.swift */; };
		59C1C29366D9EF765B575FAD /* SearchModels.swift in Sources */ = {isa = PBXBuildFile; fileRef = F73A202194ABEBFB272B96BC /* SearchModels.swift */; };
		59D885E4303E661C202685D8 /* StorageClient.swift in Sources */ = {isa = PBXBuildFile; fileRef = 37FF020DA89C79AAAB474EE5 /* StorageClient.swift */; };
		5C3323E294B044B70EE2AB68 /* LiveFeedTests.swift in Sources */ = {isa = PBXBuildFile; fileRef = C2B5C36C6345C812A8EBB9E2 /* LiveFeedTests.swift */; };
		5C3D7D2297EBE9024173FDF8 /* TNTabBar.swift in Sources */ = {isa = PBXBuildFile; fileRef = 13811466BDBEBF5BDAFDA7C5 /* TNTabBar.swift */; };
		605388556EEEC717FF9DC338 /* TNEmptyState.swift in Sources */ = {isa = PBXBuildFile; fileRef = F38BF1C4AD649320AA7F7588 /* TNEmptyState.swift */; };
		62AE56E3A57B93930FF4C2EA /* FeedJourneyUITests.swift in Sources */ = {isa = PBXBuildFile; fileRef = E3F6F160BE506083F8D7D753 /* FeedJourneyUITests.swift */; };
		63F5F4182D7FDAB42B23CDA5 /* MainTabView.swift in Sources */ = {isa = PBXBuildFile; fileRef = 4825D0DCC3563289E1002480 /* MainTabView.swift */; };
		6B074A66D050E28B9E38089A /* PreferencesServiceProtocol.swift in Sources */ = {isa = PBXBuildFile; fileRef = F6C601463593460897FFAEAD /* PreferencesServiceProtocol.swift */; };
		6C3FC744FEEB41EB36A36E24 /* LegalDocumentSheet.swift in Sources */ = {isa = PBXBuildFile; fileRef = F6C4F0BA1C16050EEFC711F7 /* LegalDocumentSheet.swift */; };
		6EA08CC92D9E2263A2AEA3D8 /* LiveAPITests.swift in Sources */ = {isa = PBXBuildFile; fileRef = D92C4166C27FC96B8A80B4B2 /* LiveAPITests.swift */; };
		6F158D106A1F9E9557228EAE /* FeedServiceTests.swift in Sources */ = {isa = PBXBuildFile; fileRef = 66ECF41C21C5532F004FA350 /* FeedServiceTests.swift */; };
		6F5759283A7CF02F7CD0EB2D /* SessionAccessTokenProvider.swift in Sources */ = {isa = PBXBuildFile; fileRef = DFB43DF9664CBC6E51533996 /* SessionAccessTokenProvider.swift */; };
		6FDBA04EC1B9E3FB9F759FA4 /* HomeScreen.swift in Sources */ = {isa = PBXBuildFile; fileRef = D912F1F26CEDFF3CE5462143 /* HomeScreen.swift */; };
		7223B9AA7CB28E097998D608 /* RegisterScreen.swift in Sources */ = {isa = PBXBuildFile; fileRef = 7362EBBA071656F050B7594F /* RegisterScreen.swift */; };
		77361F43D1E0CCE2EB64392A /* NavigationBarModifier.swift in Sources */ = {isa = PBXBuildFile; fileRef = 116F58C503E6EA2C701BB90C /* NavigationBarModifier.swift */; };
		77C46DFD98B182988BCBCBAF /* LiveSignInUITests.swift in Sources */ = {isa = PBXBuildFile; fileRef = 3EE0AC3463EAF02C322DDB73 /* LiveSignInUITests.swift */; };
		7B9C33FDB25591B597BF486F /* ScopePickerView.swift in Sources */ = {isa = PBXBuildFile; fileRef = 2B044B4ED37FB911D77D7BEB /* ScopePickerView.swift */; };
		7C059B0FA3CAA9B4E2F68D61 /* TNSegmentedControl.swift in Sources */ = {isa = PBXBuildFile; fileRef = CC828BBC4E21FC19894C27B8 /* TNSegmentedControl.swift */; };
		82913C800E5DB20EE9DF7126 /* OTPVerificationViewModel.swift in Sources */ = {isa = PBXBuildFile; fileRef = AFCBD805D24DF4B96012BBD8 /* OTPVerificationViewModel.swift */; };
		829ABEE5D042184C332C4997 /* ComposerModelsTests.swift in Sources */ = {isa = PBXBuildFile; fileRef = 93B39A4607C63C971623DE4C /* ComposerModelsTests.swift */; };
		8590DC5102E14E48C4787B8D /* URLSessionNetworkClient.swift in Sources */ = {isa = PBXBuildFile; fileRef = C14943F8FBF5DFE3BCF5C36E /* URLSessionNetworkClient.swift */; };
		865A28C5799AC802A7CA2FC4 /* AuthSession.swift in Sources */ = {isa = PBXBuildFile; fileRef = 388DE6FCA5305CD0A93F704D /* AuthSession.swift */; };
		8984E297C6461138D233BDE5 /* FeedContractTests.swift in Sources */ = {isa = PBXBuildFile; fileRef = 215B69321F22096CFEAEDEB6 /* FeedContractTests.swift */; };
		8A7A8CF736FEF736C30FD658 /* TNColor.swift in Sources */ = {isa = PBXBuildFile; fileRef = 4C080274BFD5E6C8B6955375 /* TNColor.swift */; };
		8D0E108C52EC628B15058BE4 /* PreferencesService.swift in Sources */ = {isa = PBXBuildFile; fileRef = 3EA942DFD0F1F2869D315AFE /* PreferencesService.swift */; };
		93C2C1B92ADACF92D0EC1CC8 /* AppContainer.swift in Sources */ = {isa = PBXBuildFile; fileRef = 28127CEFBE0E82B25265074D /* AppContainer.swift */; };
		955500777723A2543E8DD001 /* SearchServiceTests.swift in Sources */ = {isa = PBXBuildFile; fileRef = 9B3804445CC89D23D6417D45 /* SearchServiceTests.swift */; };
		9BBB8D956A0DFBDDE0EC5519 /* TNChip.swift in Sources */ = {isa = PBXBuildFile; fileRef = 4E315C9359A1509375AC9BBE /* TNChip.swift */; };
		9D7F59B50B1B4EA1690BBA9A /* VerificationWallViewModel.swift in Sources */ = {isa = PBXBuildFile; fileRef = C1708104A96C7CCF2D5FDE1C /* VerificationWallViewModel.swift */; };
		A128E6EAB63C1D01A24AB91B /* KeychainClient.swift in Sources */ = {isa = PBXBuildFile; fileRef = 4A20191D7CC8903DA33EB4E8 /* KeychainClient.swift */; };
		A60D313130D9F095D2F2F864 /* APIError.swift in Sources */ = {isa = PBXBuildFile; fileRef = A827C5A86DBE3733A021B2A0 /* APIError.swift */; };
		AA269762280CE4A66DD1A7B5 /* AuthServiceMock.swift in Sources */ = {isa = PBXBuildFile; fileRef = 5EAB573CDA39A29735F0554B /* AuthServiceMock.swift */; };
		AC7D8EA5855AE7EC8EEBD98C /* ComposerModels.swift in Sources */ = {isa = PBXBuildFile; fileRef = F472C2FF3AB902C0CB881C6A /* ComposerModels.swift */; };
		AEC13EB9D5AC9F0FED8D4199 /* TNProgressBar.swift in Sources */ = {isa = PBXBuildFile; fileRef = D6D2E18819107BBB5AFB1196 /* TNProgressBar.swift */; };
		B0CFB5552351D6271F517C98 /* PasswordStrength.swift in Sources */ = {isa = PBXBuildFile; fileRef = 46CA08235A62DCD8C709D771 /* PasswordStrength.swift */; };
		B1D7A16805AA9300B67741F5 /* ComposerService.swift in Sources */ = {isa = PBXBuildFile; fileRef = CAC3AB5E3129359CAAFBFABE /* ComposerService.swift */; };
		B8100DB17F5E6DBED74155A5 /* PreferencesServiceTests.swift in Sources */ = {isa = PBXBuildFile; fileRef = 17E63A84B02F6000D4904C60 /* PreferencesServiceTests.swift */; };
		B82A9E890220F79A609484AE /* WelcomeScreen.swift in Sources */ = {isa = PBXBuildFile; fileRef = 69AE17D2A794C35EBCDAC29E /* WelcomeScreen.swift */; };
		B8BBE5C9269C955430660885 /* TNToast.swift in Sources */ = {isa = PBXBuildFile; fileRef = 09503094F67FBC40439F1CD8 /* TNToast.swift */; };
		B93405AE5CC22BD4DB1B7F91 /* SearchService.swift in Sources */ = {isa = PBXBuildFile; fileRef = A84655291E7833C6BA668991 /* SearchService.swift */; };
		B9B23F7FB517B5F55BBFF78A /* APIContractTests.swift in Sources */ = {isa = PBXBuildFile; fileRef = 45B34F4AA20E859DCB6AD93C /* APIContractTests.swift */; };
		BA28560FA097FFE30F0F380A /* TNCard.swift in Sources */ = {isa = PBXBuildFile; fileRef = 6FB9647237B66283498723A5 /* TNCard.swift */; };
		BA7B1BA62746A905867E235F /* ComposeScope.swift in Sources */ = {isa = PBXBuildFile; fileRef = 636C23C31DCE81AA7A1C23B0 /* ComposeScope.swift */; };
		BFC069C3D117FA936510EF7D /* LiveComposerSearchTests.swift in Sources */ = {isa = PBXBuildFile; fileRef = 0BDB5A2DD3EA4872E8D5B153 /* LiveComposerSearchTests.swift */; };
		C76C7D76B2323F3C4BB3B255 /* FeedServiceMock.swift in Sources */ = {isa = PBXBuildFile; fileRef = 660651510AAAA49E369EFF39 /* FeedServiceMock.swift */; };
		C8E249AC714BCC5721BBC211 /* ReplyComposerBar.swift in Sources */ = {isa = PBXBuildFile; fileRef = A089569E42F19B98669A2639 /* ReplyComposerBar.swift */; };
		CE9165EC6A11DF7BA1ED4E58 /* TNButton.swift in Sources */ = {isa = PBXBuildFile; fileRef = 12D929D9B8457DD873E4933F /* TNButton.swift */; };
		CF02B20239EF755BE6E734F1 /* PostDetailViewModelTests.swift in Sources */ = {isa = PBXBuildFile; fileRef = E24D2291E9DE6ACF5BF2584F /* PostDetailViewModelTests.swift */; };
		CF743BBB4D73BCED228E8EF2 /* AppConfig.swift in Sources */ = {isa = PBXBuildFile; fileRef = D1F0B2A70E956B2AF814A379 /* AppConfig.swift */; };
		D023B280E06A1A5F2A9EA909 /* TNTypography.swift in Sources */ = {isa = PBXBuildFile; fileRef = 61559FABC04047A0F24D7A98 /* TNTypography.swift */; };
		D0D11F127C6E4DB81D41B263 /* RegisterViewModelTests.swift in Sources */ = {isa = PBXBuildFile; fileRef = 75E742E6837E6BE6FD2B740A /* RegisterViewModelTests.swift */; };
		D13AEE76FBF7DA59CC4E8265 /* PendingVerificationWallScreen.swift in Sources */ = {isa = PBXBuildFile; fileRef = 8D32CCCC73416DDC8FE737F2 /* PendingVerificationWallScreen.swift */; };
		DB99B6B5317FD962110ABE62 /* AuthSessionProtocol.swift in Sources */ = {isa = PBXBuildFile; fileRef = F29B8795A21C22FC4BFFFFD1 /* AuthSessionProtocol.swift */; };
		DD23D1E686812678ECF20DCB /* ComposerSheetScreen.swift in Sources */ = {isa = PBXBuildFile; fileRef = 1D17B37DB7F3039CBDEDA8D1 /* ComposerSheetScreen.swift */; };
		DD4B1A91C0083B1C10DE9A58 /* PreferencesServiceMock.swift in Sources */ = {isa = PBXBuildFile; fileRef = 8FB1C76B1E994FF83EDB9C60 /* PreferencesServiceMock.swift */; };
		E2C6355961E548D38578864E /* AuthModels.swift in Sources */ = {isa = PBXBuildFile; fileRef = 0DD080CB6D7878DF6852E618 /* AuthModels.swift */; };
		E3CEF9B9C8DEF4A7620CC4E3 /* LivePreferencesTests.swift in Sources */ = {isa = PBXBuildFile; fileRef = C7E37CEE34E1F01DCDCD7B9B /* LivePreferencesTests.swift */; };
		E71F5145C727D9696DB59028 /* RootView.swift in Sources */ = {isa = PBXBuildFile; fileRef = 88B0057F6AAC9E164D5B0550 /* RootView.swift */; };
		EB1E0F165B494CCC597042BD /* ComposerViewModel.swift in Sources */ = {isa = PBXBuildFile; fileRef = BCD48DA315448EC93B732575 /* ComposerViewModel.swift */; };
		EB3EA8E689DF26560C2A7028 /* ExploreViewModelTests.swift in Sources */ = {isa = PBXBuildFile; fileRef = B0D5D80B4C4690B9BE3A3674 /* ExploreViewModelTests.swift */; };
		F064AE71A88899AE34CA0ABC /* ExploreViewModel.swift in Sources */ = {isa = PBXBuildFile; fileRef = 4CA80D47A7324F20559F5F0A /* ExploreViewModel.swift */; };
		F3D9A867636EB574253E7D4E /* TNCountryBadge.swift in Sources */ = {isa = PBXBuildFile; fileRef = 7C56BB3C3A51BE1FD36F2269 /* TNCountryBadge.swift */; };
		F59BE0BC2776C4546046320A /* PostPresentation.swift in Sources */ = {isa = PBXBuildFile; fileRef = 21FABC07B0387E6139B7AF5B /* PostPresentation.swift */; };
		FB0CD5B5CFAD1269F6D07827 /* SignInViewModel.swift in Sources */ = {isa = PBXBuildFile; fileRef = 7B7C835AAAE7BABE2C20F4B8 /* SignInViewModel.swift */; };
		FECD7A8A01E9351CB8F0B0C1 /* TNShimmer.swift in Sources */ = {isa = PBXBuildFile; fileRef = B663BAED6753A757F2D2E300 /* TNShimmer.swift */; };
		FF006EF40CA00463144CEC9A /* NotificationsScreen.swift in Sources */ = {isa = PBXBuildFile; fileRef = A76D862A8A21AA5A066EA920 /* NotificationsScreen.swift */; };
/* End PBXBuildFile section */

/* Begin PBXContainerItemProxy section */
		0C7C082BC4A4B2C4C7D3EC96 /* PBXContainerItemProxy */ = {
			isa = PBXContainerItemProxy;
			containerPortal = C920DDAA1786D85FDA6F1539 /* Project object */;
			proxyType = 1;
			remoteGlobalIDString = BE0F66B2D8256FFA99284340;
			remoteInfo = TrustNet;
		};
		4DBE3FD3EAC3F0AC3F6CDE1B /* PBXContainerItemProxy */ = {
			isa = PBXContainerItemProxy;
			containerPortal = C920DDAA1786D85FDA6F1539 /* Project object */;
			proxyType = 1;
			remoteGlobalIDString = BE0F66B2D8256FFA99284340;
			remoteInfo = TrustNet;
		};
/* End PBXContainerItemProxy section */

/* Begin PBXFileReference section */
		04090A06441B847260B1CAE8 /* SearchServiceMock.swift */ = {isa = PBXFileReference; lastKnownFileType = sourcecode.swift; path = SearchServiceMock.swift; sourceTree = "<group>"; };
		046ECE32841030F33231E0D2 /* TrustNet.app */ = {isa = PBXFileReference; includeInIndex = 0; lastKnownFileType = wrapper.application; path = TrustNet.app; sourceTree = BUILT_PRODUCTS_DIR; };
		04F452CAF7197CC6458C04C5 /* TNTextField.swift */ = {isa = PBXFileReference; lastKnownFileType = sourcecode.swift; path = TNTextField.swift; sourceTree = "<group>"; };
		093DD897F9FB2CD14F515102 /* ComposerContext.swift */ = {isa = PBXFileReference; lastKnownFileType = sourcecode.swift; path = ComposerContext.swift; sourceTree = "<group>"; };
		09503094F67FBC40439F1CD8 /* TNToast.swift */ = {isa = PBXFileReference; lastKnownFileType = sourcecode.swift; path = TNToast.swift; sourceTree = "<group>"; };
		09525BEAF3381EBC9940D324 /* TNDivider.swift */ = {isa = PBXFileReference; lastKnownFileType = sourcecode.swift; path = TNDivider.swift; sourceTree = "<group>"; };
		0B644C448AA8CCAE4E36E035 /* TrustNetUITests.xctest */ = {isa = PBXFileReference; includeInIndex = 0; lastKnownFileType = wrapper.cfbundle; path = TrustNetUITests.xctest; sourceTree = BUILT_PRODUCTS_DIR; };
		0BDB5A2DD3EA4872E8D5B153 /* LiveComposerSearchTests.swift */ = {isa = PBXFileReference; lastKnownFileType = sourcecode.swift; path = LiveComposerSearchTests.swift; sourceTree = "<group>"; };
		0CDF92A760CA2BAAC8F4806E /* AuthTokenStore.swift */ = {isa = PBXFileReference; lastKnownFileType = sourcecode.swift; path = AuthTokenStore.swift; sourceTree = "<group>"; };
		0DD080CB6D7878DF6852E618 /* AuthModels.swift */ = {isa = PBXFileReference; lastKnownFileType = sourcecode.swift; path = AuthModels.swift; sourceTree = "<group>"; };
		0F32C15469F5ACFA5B8AB040 /* AppRouter.swift */ = {isa = PBXFileReference; lastKnownFileType = sourcecode.swift; path = AppRouter.swift; sourceTree = "<group>"; };
		116F58C503E6EA2C701BB90C /* NavigationBarModifier.swift */ = {isa = PBXFileReference; lastKnownFileType = sourcecode.swift; path = NavigationBarModifier.swift; sourceTree = "<group>"; };
		12D929D9B8457DD873E4933F /* TNButton.swift */ = {isa = PBXFileReference; lastKnownFileType = sourcecode.swift; path = TNButton.swift; sourceTree = "<group>"; };
		13811466BDBEBF5BDAFDA7C5 /* TNTabBar.swift */ = {isa = PBXFileReference; lastKnownFileType = sourcecode.swift; path = TNTabBar.swift; sourceTree = "<group>"; };
		17E63A84B02F6000D4904C60 /* PreferencesServiceTests.swift */ = {isa = PBXFileReference; lastKnownFileType = sourcecode.swift; path = PreferencesServiceTests.swift; sourceTree = "<group>"; };
		1D17B37DB7F3039CBDEDA8D1 /* ComposerSheetScreen.swift */ = {isa = PBXFileReference; lastKnownFileType = sourcecode.swift; path = ComposerSheetScreen.swift; sourceTree = "<group>"; };
		215B69321F22096CFEAEDEB6 /* FeedContractTests.swift */ = {isa = PBXFileReference; lastKnownFileType = sourcecode.swift; path = FeedContractTests.swift; sourceTree = "<group>"; };
		21FABC07B0387E6139B7AF5B /* PostPresentation.swift */ = {isa = PBXFileReference; lastKnownFileType = sourcecode.swift; path = PostPresentation.swift; sourceTree = "<group>"; };
		28127CEFBE0E82B25265074D /* AppContainer.swift */ = {isa = PBXFileReference; lastKnownFileType = sourcecode.swift; path = AppContainer.swift; sourceTree = "<group>"; };
		2B044B4ED37FB911D77D7BEB /* ScopePickerView.swift */ = {isa = PBXFileReference; lastKnownFileType = sourcecode.swift; path = ScopePickerView.swift; sourceTree = "<group>"; };
		33860AA8BA72ED6B9BE98443 /* NewPostVisibilityTests.swift */ = {isa = PBXFileReference; lastKnownFileType = sourcecode.swift; path = NewPostVisibilityTests.swift; sourceTree = "<group>"; };
		37FF020DA89C79AAAB474EE5 /* StorageClient.swift */ = {isa = PBXFileReference; lastKnownFileType = sourcecode.swift; path = StorageClient.swift; sourceTree = "<group>"; };
		388DE6FCA5305CD0A93F704D /* AuthSession.swift */ = {isa = PBXFileReference; lastKnownFileType = sourcecode.swift; path = AuthSession.swift; sourceTree = "<group>"; };
		3D25CA525AF314263BEAA843 /* ComposerServiceMock.swift */ = {isa = PBXFileReference; lastKnownFileType = sourcecode.swift; path = ComposerServiceMock.swift; sourceTree = "<group>"; };
		3EA942DFD0F1F2869D315AFE /* PreferencesService.swift */ = {isa = PBXFileReference; lastKnownFileType = sourcecode.swift; path = PreferencesService.swift; sourceTree = "<group>"; };
		3EE0AC3463EAF02C322DDB73 /* LiveSignInUITests.swift */ = {isa = PBXFileReference; lastKnownFileType = sourcecode.swift; path = LiveSignInUITests.swift; sourceTree = "<group>"; };
		45B34F4AA20E859DCB6AD93C /* APIContractTests.swift */ = {isa = PBXFileReference; lastKnownFileType = sourcecode.swift; path = APIContractTests.swift; sourceTree = "<group>"; };
		46CA08235A62DCD8C709D771 /* PasswordStrength.swift */ = {isa = PBXFileReference; lastKnownFileType = sourcecode.swift; path = PasswordStrength.swift; sourceTree = "<group>"; };
		4825D0DCC3563289E1002480 /* MainTabView.swift */ = {isa = PBXFileReference; lastKnownFileType = sourcecode.swift; path = MainTabView.swift; sourceTree = "<group>"; };
		4A20191D7CC8903DA33EB4E8 /* KeychainClient.swift */ = {isa = PBXFileReference; lastKnownFileType = sourcecode.swift; path = KeychainClient.swift; sourceTree = "<group>"; };
		4C080274BFD5E6C8B6955375 /* TNColor.swift */ = {isa = PBXFileReference; lastKnownFileType = sourcecode.swift; path = TNColor.swift; sourceTree = "<group>"; };
		4CA80D47A7324F20559F5F0A /* ExploreViewModel.swift */ = {isa = PBXFileReference; lastKnownFileType = sourcecode.swift; path = ExploreViewModel.swift; sourceTree = "<group>"; };
		4E315C9359A1509375AC9BBE /* TNChip.swift */ = {isa = PBXFileReference; lastKnownFileType = sourcecode.swift; path = TNChip.swift; sourceTree = "<group>"; };
		57AA7756DCB7819E9E40588B /* BiometricAuthenticator.swift */ = {isa = PBXFileReference; lastKnownFileType = sourcecode.swift; path = BiometricAuthenticator.swift; sourceTree = "<group>"; };
		5E980BFF74DFB4E9BAC32087 /* ExploreScreen.swift */ = {isa = PBXFileReference; lastKnownFileType = sourcecode.swift; path = ExploreScreen.swift; sourceTree = "<group>"; };
		5EAB573CDA39A29735F0554B /* AuthServiceMock.swift */ = {isa = PBXFileReference; lastKnownFileType = sourcecode.swift; path = AuthServiceMock.swift; sourceTree = "<group>"; };
		61559FABC04047A0F24D7A98 /* TNTypography.swift */ = {isa = PBXFileReference; lastKnownFileType = sourcecode.swift; path = TNTypography.swift; sourceTree = "<group>"; };
		62DDAB858D285D583D01B578 /* Assets.xcassets */ = {isa = PBXFileReference; lastKnownFileType = folder.assetcatalog; path = Assets.xcassets; sourceTree = "<group>"; };
		636C23C31DCE81AA7A1C23B0 /* ComposeScope.swift */ = {isa = PBXFileReference; lastKnownFileType = sourcecode.swift; path = ComposeScope.swift; sourceTree = "<group>"; };
		64E5E5A31F817FD20043C16F /* PostDetailViewModel.swift */ = {isa = PBXFileReference; lastKnownFileType = sourcecode.swift; path = PostDetailViewModel.swift; sourceTree = "<group>"; };
		660651510AAAA49E369EFF39 /* FeedServiceMock.swift */ = {isa = PBXFileReference; lastKnownFileType = sourcecode.swift; path = FeedServiceMock.swift; sourceTree = "<group>"; };
		666CEEA448DAFD8AB2799C45 /* FeedService.swift */ = {isa = PBXFileReference; lastKnownFileType = sourcecode.swift; path = FeedService.swift; sourceTree = "<group>"; };
		66ECF41C21C5532F004FA350 /* FeedServiceTests.swift */ = {isa = PBXFileReference; lastKnownFileType = sourcecode.swift; path = FeedServiceTests.swift; sourceTree = "<group>"; };
		69AE17D2A794C35EBCDAC29E /* WelcomeScreen.swift */ = {isa = PBXFileReference; lastKnownFileType = sourcecode.swift; path = WelcomeScreen.swift; sourceTree = "<group>"; };
		6DC8C2508341274BE469A2DE /* SearchServiceProtocol.swift */ = {isa = PBXFileReference; lastKnownFileType = sourcecode.swift; path = SearchServiceProtocol.swift; sourceTree = "<group>"; };
		6FB9647237B66283498723A5 /* TNCard.swift */ = {isa = PBXFileReference; lastKnownFileType = sourcecode.swift; path = TNCard.swift; sourceTree = "<group>"; };
		6FC39949A206F0339573499B /* PostPresentationTests.swift */ = {isa = PBXFileReference; lastKnownFileType = sourcecode.swift; path = PostPresentationTests.swift; sourceTree = "<group>"; };
		702FCD575CCEAB3A733CB5D3 /* ComposerServiceTests.swift */ = {isa = PBXFileReference; lastKnownFileType = sourcecode.swift; path = ComposerServiceTests.swift; sourceTree = "<group>"; };
		70D7BB6F043B61B1326AC6D3 /* PreferencesModels.swift */ = {isa = PBXFileReference; lastKnownFileType = sourcecode.swift; path = PreferencesModels.swift; sourceTree = "<group>"; };
		7362EBBA071656F050B7594F /* RegisterScreen.swift */ = {isa = PBXFileReference; lastKnownFileType = sourcecode.swift; path = RegisterScreen.swift; sourceTree = "<group>"; };
		75E742E6837E6BE6FD2B740A /* RegisterViewModelTests.swift */ = {isa = PBXFileReference; lastKnownFileType = sourcecode.swift; path = RegisterViewModelTests.swift; sourceTree = "<group>"; };
		78257B1923E920C0858BB4DB /* AuthService.swift */ = {isa = PBXFileReference; lastKnownFileType = sourcecode.swift; path = AuthService.swift; sourceTree = "<group>"; };
		78E9E718A0E29331578EC6B0 /* FeedServiceProtocol.swift */ = {isa = PBXFileReference; lastKnownFileType = sourcecode.swift; path = FeedServiceProtocol.swift; sourceTree = "<group>"; };
		7B7C835AAAE7BABE2C20F4B8 /* SignInViewModel.swift */ = {isa = PBXFileReference; lastKnownFileType = sourcecode.swift; path = SignInViewModel.swift; sourceTree = "<group>"; };
		7C0778F2B9A8AC658C31BA18 /* ComposerServiceProtocol.swift */ = {isa = PBXFileReference; lastKnownFileType = sourcecode.swift; path = ComposerServiceProtocol.swift; sourceTree = "<group>"; };
		7C56BB3C3A51BE1FD36F2269 /* TNCountryBadge.swift */ = {isa = PBXFileReference; lastKnownFileType = sourcecode.swift; path = TNCountryBadge.swift; sourceTree = "<group>"; };
		805E74C9E77F7D6F1F385A42 /* SplashScreen.swift */ = {isa = PBXFileReference; lastKnownFileType = sourcecode.swift; path = SplashScreen.swift; sourceTree = "<group>"; };
		88B0057F6AAC9E164D5B0550 /* RootView.swift */ = {isa = PBXFileReference; lastKnownFileType = sourcecode.swift; path = RootView.swift; sourceTree = "<group>"; };
		8919F8E7AA318B356B5AD0B8 /* SignInViewModelTests.swift */ = {isa = PBXFileReference; lastKnownFileType = sourcecode.swift; path = SignInViewModelTests.swift; sourceTree = "<group>"; };
		892835DCCA6D47C477F72E1A /* PostDetailScreen.swift */ = {isa = PBXFileReference; lastKnownFileType = sourcecode.swift; path = PostDetailScreen.swift; sourceTree = "<group>"; };
		8D32CCCC73416DDC8FE737F2 /* PendingVerificationWallScreen.swift */ = {isa = PBXFileReference; lastKnownFileType = sourcecode.swift; path = PendingVerificationWallScreen.swift; sourceTree = "<group>"; };
		8FB1C76B1E994FF83EDB9C60 /* PreferencesServiceMock.swift */ = {isa = PBXFileReference; lastKnownFileType = sourcecode.swift; path = PreferencesServiceMock.swift; sourceTree = "<group>"; };
		911472E3D6FA95EADA10EE7C /* TrustNetApp.swift */ = {isa = PBXFileReference; lastKnownFileType = sourcecode.swift; path = TrustNetApp.swift; sourceTree = "<group>"; };
		93B39A4607C63C971623DE4C /* ComposerModelsTests.swift */ = {isa = PBXFileReference; lastKnownFileType = sourcecode.swift; path = ComposerModelsTests.swift; sourceTree = "<group>"; };
		9B3804445CC89D23D6417D45 /* SearchServiceTests.swift */ = {isa = PBXFileReference; lastKnownFileType = sourcecode.swift; path = SearchServiceTests.swift; sourceTree = "<group>"; };
		9D004CA61F73E80862811389 /* NetworkClient.swift */ = {isa = PBXFileReference; lastKnownFileType = sourcecode.swift; path = NetworkClient.swift; sourceTree = "<group>"; };
		9EFCAAC755275467F44454FF /* FeatureFlags.swift */ = {isa = PBXFileReference; lastKnownFileType = sourcecode.swift; path = FeatureFlags.swift; sourceTree = "<group>"; };
		A089569E42F19B98669A2639 /* ReplyComposerBar.swift */ = {isa = PBXFileReference; lastKnownFileType = sourcecode.swift; path = ReplyComposerBar.swift; sourceTree = "<group>"; };
		A2BDE512280D7A4131DC01B5 /* TNBadge.swift */ = {isa = PBXFileReference; lastKnownFileType = sourcecode.swift; path = TNBadge.swift; sourceTree = "<group>"; };
		A318B3CD630356E9820E3E05 /* RejectedScreen.swift */ = {isa = PBXFileReference; lastKnownFileType = sourcecode.swift; path = RejectedScreen.swift; sourceTree = "<group>"; };
		A3E22C9B720195451032275C /* PreferencesViewModel.swift */ = {isa = PBXFileReference; lastKnownFileType = sourcecode.swift; path = PreferencesViewModel.swift; sourceTree = "<group>"; };
		A520C249812061948BE9407B /* ComposerViewModelTests.swift */ = {isa = PBXFileReference; lastKnownFileType = sourcecode.swift; path = ComposerViewModelTests.swift; sourceTree = "<group>"; };
		A76D862A8A21AA5A066EA920 /* NotificationsScreen.swift */ = {isa = PBXFileReference; lastKnownFileType = sourcecode.swift; path = NotificationsScreen.swift; sourceTree = "<group>"; };
		A827C5A86DBE3733A021B2A0 /* APIError.swift */ = {isa = PBXFileReference; lastKnownFileType = sourcecode.swift; path = APIError.swift; sourceTree = "<group>"; };
		A84655291E7833C6BA668991 /* SearchService.swift */ = {isa = PBXFileReference; lastKnownFileType = sourcecode.swift; path = SearchService.swift; sourceTree = "<group>"; };
		AFCBD805D24DF4B96012BBD8 /* OTPVerificationViewModel.swift */ = {isa = PBXFileReference; lastKnownFileType = sourcecode.swift; path = OTPVerificationViewModel.swift; sourceTree = "<group>"; };
		B0D5D80B4C4690B9BE3A3674 /* ExploreViewModelTests.swift */ = {isa = PBXFileReference; lastKnownFileType = sourcecode.swift; path = ExploreViewModelTests.swift; sourceTree = "<group>"; };
		B11BC65BF4635177B10BE27B /* RegisterViewModel.swift */ = {isa = PBXFileReference; lastKnownFileType = sourcecode.swift; path = RegisterViewModel.swift; sourceTree = "<group>"; };
		B663BAED6753A757F2D2E300 /* TNShimmer.swift */ = {isa = PBXFileReference; lastKnownFileType = sourcecode.swift; path = TNShimmer.swift; sourceTree = "<group>"; };
		B88850910786E65151A6589A /* VerificationWallTests.swift */ = {isa = PBXFileReference; lastKnownFileType = sourcecode.swift; path = VerificationWallTests.swift; sourceTree = "<group>"; };
		B98B096D0B69DE299AACAF0D /* PreferencesViewModelTests.swift */ = {isa = PBXFileReference; lastKnownFileType = sourcecode.swift; path = PreferencesViewModelTests.swift; sourceTree = "<group>"; };
		BCD48DA315448EC93B732575 /* ComposerViewModel.swift */ = {isa = PBXFileReference; lastKnownFileType = sourcecode.swift; path = ComposerViewModel.swift; sourceTree = "<group>"; };
		C0A8AF30B295A745357818A5 /* TrustNetTests.xctest */ = {isa = PBXFileReference; includeInIndex = 0; lastKnownFileType = wrapper.cfbundle; path = TrustNetTests.xctest; sourceTree = BUILT_PRODUCTS_DIR; };
		C14943F8FBF5DFE3BCF5C36E /* URLSessionNetworkClient.swift */ = {isa = PBXFileReference; lastKnownFileType = sourcecode.swift; path = URLSessionNetworkClient.swift; sourceTree = "<group>"; };
		C1708104A96C7CCF2D5FDE1C /* VerificationWallViewModel.swift */ = {isa = PBXFileReference; lastKnownFileType = sourcecode.swift; path = VerificationWallViewModel.swift; sourceTree = "<group>"; };
		C2B5C36C6345C812A8EBB9E2 /* LiveFeedTests.swift */ = {isa = PBXFileReference; lastKnownFileType = sourcecode.swift; path = LiveFeedTests.swift; sourceTree = "<group>"; };
		C67D1972D6406091E6242839 /* PreferencesScreen.swift */ = {isa = PBXFileReference; lastKnownFileType = sourcecode.swift; path = PreferencesScreen.swift; sourceTree = "<group>"; };
		C7E37CEE34E1F01DCDCD7B9B /* LivePreferencesTests.swift */ = {isa = PBXFileReference; lastKnownFileType = sourcecode.swift; path = LivePreferencesTests.swift; sourceTree = "<group>"; };
		CAC3AB5E3129359CAAFBFABE /* ComposerService.swift */ = {isa = PBXFileReference; lastKnownFileType = sourcecode.swift; path = ComposerService.swift; sourceTree = "<group>"; };
		CC828BBC4E21FC19894C27B8 /* TNSegmentedControl.swift */ = {isa = PBXFileReference; lastKnownFileType = sourcecode.swift; path = TNSegmentedControl.swift; sourceTree = "<group>"; };
		CE6305855747A76D85EFD9E5 /* OTPVerificationViewModelTests.swift */ = {isa = PBXFileReference; lastKnownFileType = sourcecode.swift; path = OTPVerificationViewModelTests.swift; sourceTree = "<group>"; };
		CFFD5907047C6F2D32E5E690 /* HomeViewModelTests.swift */ = {isa = PBXFileReference; lastKnownFileType = sourcecode.swift; path = HomeViewModelTests.swift; sourceTree = "<group>"; };
		D0448F2600E95810A297DCC1 /* ComposerJourneyUITests.swift */ = {isa = PBXFileReference; lastKnownFileType = sourcecode.swift; path = ComposerJourneyUITests.swift; sourceTree = "<group>"; };
		D1AF14D50760FA133BBA8F95 /* OTPVerificationScreen.swift */ = {isa = PBXFileReference; lastKnownFileType = sourcecode.swift; path = OTPVerificationScreen.swift; sourceTree = "<group>"; };
		D1F0B2A70E956B2AF814A379 /* AppConfig.swift */ = {isa = PBXFileReference; lastKnownFileType = sourcecode.swift; path = AppConfig.swift; sourceTree = "<group>"; };
		D4036055FB009A898FD7316C /* TNVerifiedBadge.swift */ = {isa = PBXFileReference; lastKnownFileType = sourcecode.swift; path = TNVerifiedBadge.swift; sourceTree = "<group>"; };
		D6D2E18819107BBB5AFB1196 /* TNProgressBar.swift */ = {isa = PBXFileReference; lastKnownFileType = sourcecode.swift; path = TNProgressBar.swift; sourceTree = "<group>"; };
		D6ED2825D017233610766436 /* AuthServiceProtocol.swift */ = {isa = PBXFileReference; lastKnownFileType = sourcecode.swift; path = AuthServiceProtocol.swift; sourceTree = "<group>"; };
		D73489E49C99C2E9E1F1E3F3 /* AuthSessionTests.swift */ = {isa = PBXFileReference; lastKnownFileType = sourcecode.swift; path = AuthSessionTests.swift; sourceTree = "<group>"; };
		D912F1F26CEDFF3CE5462143 /* HomeScreen.swift */ = {isa = PBXFileReference; lastKnownFileType = sourcecode.swift; path = HomeScreen.swift; sourceTree = "<group>"; };
		D92C4166C27FC96B8A80B4B2 /* LiveAPITests.swift */ = {isa = PBXFileReference; lastKnownFileType = sourcecode.swift; path = LiveAPITests.swift; sourceTree = "<group>"; };
		DFB43DF9664CBC6E51533996 /* SessionAccessTokenProvider.swift */ = {isa = PBXFileReference; lastKnownFileType = sourcecode.swift; path = SessionAccessTokenProvider.swift; sourceTree = "<group>"; };
		E24D2291E9DE6ACF5BF2584F /* PostDetailViewModelTests.swift */ = {isa = PBXFileReference; lastKnownFileType = sourcecode.swift; path = PostDetailViewModelTests.swift; sourceTree = "<group>"; };
		E29C30039A5B8906663693A2 /* PreferencesJourneyUITests.swift */ = {isa = PBXFileReference; lastKnownFileType = sourcecode.swift; path = PreferencesJourneyUITests.swift; sourceTree = "<group>"; };
		E3F6F160BE506083F8D7D753 /* FeedJourneyUITests.swift */ = {isa = PBXFileReference; lastKnownFileType = sourcecode.swift; path = FeedJourneyUITests.swift; sourceTree = "<group>"; };
		E6B3F251231CE5091ECAF3D1 /* FeedModels.swift */ = {isa = PBXFileReference; lastKnownFileType = sourcecode.swift; path = FeedModels.swift; sourceTree = "<group>"; };
		EACB66799298550922C7A543 /* HomeViewModel.swift */ = {isa = PBXFileReference; lastKnownFileType = sourcecode.swift; path = HomeViewModel.swift; sourceTree = "<group>"; };
		EB2710D9E5059B12B5A3578E /* Info.plist */ = {isa = PBXFileReference; lastKnownFileType = text.plist; path = Info.plist; sourceTree = "<group>"; };
		F29B8795A21C22FC4BFFFFD1 /* AuthSessionProtocol.swift */ = {isa = PBXFileReference; lastKnownFileType = sourcecode.swift; path = AuthSessionProtocol.swift; sourceTree = "<group>"; };
		F38BF1C4AD649320AA7F7588 /* TNEmptyState.swift */ = {isa = PBXFileReference; lastKnownFileType = sourcecode.swift; path = TNEmptyState.swift; sourceTree = "<group>"; };
		F472C2FF3AB902C0CB881C6A /* ComposerModels.swift */ = {isa = PBXFileReference; lastKnownFileType = sourcecode.swift; path = ComposerModels.swift; sourceTree = "<group>"; };
		F55BD9277E2B86743C1A6F06 /* AccessTokenProvider.swift */ = {isa = PBXFileReference; lastKnownFileType = sourcecode.swift; path = AccessTokenProvider.swift; sourceTree = "<group>"; };
		F5E4D90DD495FE10B8F64CCF /* SignInScreen.swift */ = {isa = PBXFileReference; lastKnownFileType = sourcecode.swift; path = SignInScreen.swift; sourceTree = "<group>"; };
		F64860D3DBA3C1B2F99F4CD5 /* AnalyticsClient.swift */ = {isa = PBXFileReference; lastKnownFileType = sourcecode.swift; path = AnalyticsClient.swift; sourceTree = "<group>"; };
		F6C4F0BA1C16050EEFC711F7 /* LegalDocumentSheet.swift */ = {isa = PBXFileReference; lastKnownFileType = sourcecode.swift; path = LegalDocumentSheet.swift; sourceTree = "<group>"; };
		F6C601463593460897FFAEAD /* PreferencesServiceProtocol.swift */ = {isa = PBXFileReference; lastKnownFileType = sourcecode.swift; path = PreferencesServiceProtocol.swift; sourceTree = "<group>"; };
		F73A202194ABEBFB272B96BC /* SearchModels.swift */ = {isa = PBXFileReference; lastKnownFileType = sourcecode.swift; path = SearchModels.swift; sourceTree = "<group>"; };
		FB334369BCC23E0F18FB201E /* TNAvatar.swift */ = {isa = PBXFileReference; lastKnownFileType = sourcecode.swift; path = TNAvatar.swift; sourceTree = "<group>"; };
		FE1200AB68C03A53D21DCA9B /* PostCardView.swift */ = {isa = PBXFileReference; lastKnownFileType = sourcecode.swift; path = PostCardView.swift; sourceTree = "<group>"; };
/* End PBXFileReference section */

/* Begin PBXGroup section */
		0CF3E0C4E6978FAC4BD17578 /* Analytics */ = {
			isa = PBXGroup;
			children = (
				F64860D3DBA3C1B2F99F4CD5 /* AnalyticsClient.swift */,
			);
			path = Analytics;
			sourceTree = "<group>";
		};
		2691171BF2346C9EFD8A73DD /* Search */ = {
			isa = PBXGroup;
			children = (
				A022B482ACCBB2488C835BE2 /* Data */,
				826E53B4E5F56BA1D8E24CFD /* Domain */,
				A9AB63D01554F42792395DA1 /* Presentation */,
			);
			path = Search;
			sourceTree = "<group>";
		};
		336004E215234F3A63CAD943 /* Products */ = {
			isa = PBXGroup;
			children = (
				046ECE32841030F33231E0D2 /* TrustNet.app */,
				C0A8AF30B295A745357818A5 /* TrustNetTests.xctest */,
				0B644C448AA8CCAE4E36E035 /* TrustNetUITests.xctest */,
			);
			name = Products;
			sourceTree = "<group>";
		};
		38C239CFC372EFA1ABA172E2 /* Auth */ = {
			isa = PBXGroup;
			children = (
				5B13EB271F039A02E2A17DAF /* Data */,
				92433CF81ADB57011700EEE3 /* Domain */,
				E50BF3E4F4F5F4E18DF0E25A /* Presentation */,
			);
			path = Auth;
			sourceTree = "<group>";
		};
		522CDD07E02B6C8A7569A8CD /* Preferences */ = {
			isa = PBXGroup;
			children = (
				D484BE0531EC3EE8CEB900BC /* Data */,
				7A85A75B0FE8D8B95E59BC94 /* Domain */,
				6C92D679B8F0EE009DE51A25 /* Presentation */,
			);
			path = Preferences;
			sourceTree = "<group>";
		};
		5351897F69E3C969A75551CB /* Presentation */ = {
			isa = PBXGroup;
			children = (
				1D17B37DB7F3039CBDEDA8D1 /* ComposerSheetScreen.swift */,
				BCD48DA315448EC93B732575 /* ComposerViewModel.swift */,
				A089569E42F19B98669A2639 /* ReplyComposerBar.swift */,
				2B044B4ED37FB911D77D7BEB /* ScopePickerView.swift */,
			);
			path = Presentation;
			sourceTree = "<group>";
		};
		5B13EB271F039A02E2A17DAF /* Data */ = {
			isa = PBXGroup;
			children = (
				78257B1923E920C0858BB4DB /* AuthService.swift */,
				5EAB573CDA39A29735F0554B /* AuthServiceMock.swift */,
				388DE6FCA5305CD0A93F704D /* AuthSession.swift */,
				0CDF92A760CA2BAAC8F4806E /* AuthTokenStore.swift */,
				DFB43DF9664CBC6E51533996 /* SessionAccessTokenProvider.swift */,
			);
			path = Data;
			sourceTree = "<group>";
		};
		5F786B8C7AF71ABB371A7A34 /* Data */ = {
			isa = PBXGroup;
			children = (
				666CEEA448DAFD8AB2799C45 /* FeedService.swift */,
				660651510AAAA49E369EFF39 /* FeedServiceMock.swift */,
			);
			path = Data;
			sourceTree = "<group>";
		};
		640CCC0D0D2081AF2C45E5FF /* Tests */ = {
			isa = PBXGroup;
			children = (
				45B34F4AA20E859DCB6AD93C /* APIContractTests.swift */,
				D73489E49C99C2E9E1F1E3F3 /* AuthSessionTests.swift */,
				93B39A4607C63C971623DE4C /* ComposerModelsTests.swift */,
				702FCD575CCEAB3A733CB5D3 /* ComposerServiceTests.swift */,
				A520C249812061948BE9407B /* ComposerViewModelTests.swift */,
				B0D5D80B4C4690B9BE3A3674 /* ExploreViewModelTests.swift */,
				215B69321F22096CFEAEDEB6 /* FeedContractTests.swift */,
				66ECF41C21C5532F004FA350 /* FeedServiceTests.swift */,
				CFFD5907047C6F2D32E5E690 /* HomeViewModelTests.swift */,
				D92C4166C27FC96B8A80B4B2 /* LiveAPITests.swift */,
				0BDB5A2DD3EA4872E8D5B153 /* LiveComposerSearchTests.swift */,
				C2B5C36C6345C812A8EBB9E2 /* LiveFeedTests.swift */,
				C7E37CEE34E1F01DCDCD7B9B /* LivePreferencesTests.swift */,
				33860AA8BA72ED6B9BE98443 /* NewPostVisibilityTests.swift */,
				CE6305855747A76D85EFD9E5 /* OTPVerificationViewModelTests.swift */,
				E24D2291E9DE6ACF5BF2584F /* PostDetailViewModelTests.swift */,
				6FC39949A206F0339573499B /* PostPresentationTests.swift */,
				17E63A84B02F6000D4904C60 /* PreferencesServiceTests.swift */,
				B98B096D0B69DE299AACAF0D /* PreferencesViewModelTests.swift */,
				75E742E6837E6BE6FD2B740A /* RegisterViewModelTests.swift */,
				9B3804445CC89D23D6417D45 /* SearchServiceTests.swift */,
				8919F8E7AA318B356B5AD0B8 /* SignInViewModelTests.swift */,
				B88850910786E65151A6589A /* VerificationWallTests.swift */,
			);
			path = Tests;
			sourceTree = "<group>";
		};
		6557D66875024C0E7C2834C9 /* Domain */ = {
			isa = PBXGroup;
			children = (
				093DD897F9FB2CD14F515102 /* ComposerContext.swift */,
				F472C2FF3AB902C0CB881C6A /* ComposerModels.swift */,
				7C0778F2B9A8AC658C31BA18 /* ComposerServiceProtocol.swift */,
				636C23C31DCE81AA7A1C23B0 /* ComposeScope.swift */,
			);
			path = Domain;
			sourceTree = "<group>";
		};
		689CBB4B7497879D0125447D /* UITests */ = {
			isa = PBXGroup;
			children = (
				D0448F2600E95810A297DCC1 /* ComposerJourneyUITests.swift */,
				E3F6F160BE506083F8D7D753 /* FeedJourneyUITests.swift */,
				3EE0AC3463EAF02C322DDB73 /* LiveSignInUITests.swift */,
				E29C30039A5B8906663693A2 /* PreferencesJourneyUITests.swift */,
			);
			path = UITests;
			sourceTree = "<group>";
		};
		6C92D679B8F0EE009DE51A25 /* Presentation */ = {
			isa = PBXGroup;
			children = (
				C67D1972D6406091E6242839 /* PreferencesScreen.swift */,
				A3E22C9B720195451032275C /* PreferencesViewModel.swift */,
			);
			path = Presentation;
			sourceTree = "<group>";
		};
		760EDDFB71467A6976F71E6E /* Core */ = {
			isa = PBXGroup;
			children = (
				0CF3E0C4E6978FAC4BD17578 /* Analytics */,
				B167CBBF0B71343C01C70388 /* DesignSystem */,
				B336EB8E19AF661D43C0DE05 /* Network */,
				C47DC8B7AEAE8B15BEE97034 /* Security */,
				7910228D9F29EB1772D8F4D0 /* Storage */,
			);
			path = Core;
			sourceTree = "<group>";
		};
		7910228D9F29EB1772D8F4D0 /* Storage */ = {
			isa = PBXGroup;
			children = (
				37FF020DA89C79AAAB474EE5 /* StorageClient.swift */,
			);
			path = Storage;
			sourceTree = "<group>";
		};
		7A85A75B0FE8D8B95E59BC94 /* Domain */ = {
			isa = PBXGroup;
			children = (
				70D7BB6F043B61B1326AC6D3 /* PreferencesModels.swift */,
				F6C601463593460897FFAEAD /* PreferencesServiceProtocol.swift */,
			);
			path = Domain;
			sourceTree = "<group>";
		};
		811273C861F85B25DF5AE7A6 /* Resources */ = {
			isa = PBXGroup;
			children = (
				62DDAB858D285D583D01B578 /* Assets.xcassets */,
				EB2710D9E5059B12B5A3578E /* Info.plist */,
			);
			path = Resources;
			sourceTree = "<group>";
		};
		826E53B4E5F56BA1D8E24CFD /* Domain */ = {
			isa = PBXGroup;
			children = (
				F73A202194ABEBFB272B96BC /* SearchModels.swift */,
				6DC8C2508341274BE469A2DE /* SearchServiceProtocol.swift */,
			);
			path = Domain;
			sourceTree = "<group>";
		};
		92433CF81ADB57011700EEE3 /* Domain */ = {
			isa = PBXGroup;
			children = (
				0DD080CB6D7878DF6852E618 /* AuthModels.swift */,
				D6ED2825D017233610766436 /* AuthServiceProtocol.swift */,
				F29B8795A21C22FC4BFFFFD1 /* AuthSessionProtocol.swift */,
				46CA08235A62DCD8C709D771 /* PasswordStrength.swift */,
			);
			path = Domain;
			sourceTree = "<group>";
		};
		9C829C8FB800CD24D940DE65 /* App */ = {
			isa = PBXGroup;
			children = (
				D1F0B2A70E956B2AF814A379 /* AppConfig.swift */,
				28127CEFBE0E82B25265074D /* AppContainer.swift */,
				0F32C15469F5ACFA5B8AB040 /* AppRouter.swift */,
				9EFCAAC755275467F44454FF /* FeatureFlags.swift */,
				88B0057F6AAC9E164D5B0550 /* RootView.swift */,
				911472E3D6FA95EADA10EE7C /* TrustNetApp.swift */,
			);
			path = App;
			sourceTree = "<group>";
		};
		A022B482ACCBB2488C835BE2 /* Data */ = {
			isa = PBXGroup;
			children = (
				A84655291E7833C6BA668991 /* SearchService.swift */,
				04090A06441B847260B1CAE8 /* SearchServiceMock.swift */,
			);
			path = Data;
			sourceTree = "<group>";
		};
		A37AB72761E38415502AEA66 /* Data */ = {
			isa = PBXGroup;
			children = (
				CAC3AB5E3129359CAAFBFABE /* ComposerService.swift */,
				3D25CA525AF314263BEAA843 /* ComposerServiceMock.swift */,
			);
			path = Data;
			sourceTree = "<group>";
		};
		A8698B05D7620B6DE7AE6B86 = {
			isa = PBXGroup;
			children = (
				640CCC0D0D2081AF2C45E5FF /* Tests */,
				EB4D5BB51B5FF5FCB3CFF558 /* TrustNet */,
				689CBB4B7497879D0125447D /* UITests */,
				336004E215234F3A63CAD943 /* Products */,
			);
			sourceTree = "<group>";
		};
		A9AB63D01554F42792395DA1 /* Presentation */ = {
			isa = PBXGroup;
			children = (
				5E980BFF74DFB4E9BAC32087 /* ExploreScreen.swift */,
				4CA80D47A7324F20559F5F0A /* ExploreViewModel.swift */,
			);
			path = Presentation;
			sourceTree = "<group>";
		};
		B167CBBF0B71343C01C70388 /* DesignSystem */ = {
			isa = PBXGroup;
			children = (
				116F58C503E6EA2C701BB90C /* NavigationBarModifier.swift */,
				FB334369BCC23E0F18FB201E /* TNAvatar.swift */,
				A2BDE512280D7A4131DC01B5 /* TNBadge.swift */,
				12D929D9B8457DD873E4933F /* TNButton.swift */,
				6FB9647237B66283498723A5 /* TNCard.swift */,
				4E315C9359A1509375AC9BBE /* TNChip.swift */,
				4C080274BFD5E6C8B6955375 /* TNColor.swift */,
				7C56BB3C3A51BE1FD36F2269 /* TNCountryBadge.swift */,
				09525BEAF3381EBC9940D324 /* TNDivider.swift */,
				F38BF1C4AD649320AA7F7588 /* TNEmptyState.swift */,
				D6D2E18819107BBB5AFB1196 /* TNProgressBar.swift */,
				CC828BBC4E21FC19894C27B8 /* TNSegmentedControl.swift */,
				B663BAED6753A757F2D2E300 /* TNShimmer.swift */,
				13811466BDBEBF5BDAFDA7C5 /* TNTabBar.swift */,
				04F452CAF7197CC6458C04C5 /* TNTextField.swift */,
				09503094F67FBC40439F1CD8 /* TNToast.swift */,
				61559FABC04047A0F24D7A98 /* TNTypography.swift */,
				D4036055FB009A898FD7316C /* TNVerifiedBadge.swift */,
			);
			path = DesignSystem;
			sourceTree = "<group>";
		};
		B225B84F153005518369B764 /* Presentation */ = {
			isa = PBXGroup;
			children = (
				D912F1F26CEDFF3CE5462143 /* HomeScreen.swift */,
				EACB66799298550922C7A543 /* HomeViewModel.swift */,
				4825D0DCC3563289E1002480 /* MainTabView.swift */,
				A76D862A8A21AA5A066EA920 /* NotificationsScreen.swift */,
				FE1200AB68C03A53D21DCA9B /* PostCardView.swift */,
				892835DCCA6D47C477F72E1A /* PostDetailScreen.swift */,
				64E5E5A31F817FD20043C16F /* PostDetailViewModel.swift */,
			);
			path = Presentation;
			sourceTree = "<group>";
		};
		B336EB8E19AF661D43C0DE05 /* Network */ = {
			isa = PBXGroup;
			children = (
				F55BD9277E2B86743C1A6F06 /* AccessTokenProvider.swift */,
				A827C5A86DBE3733A021B2A0 /* APIError.swift */,
				9D004CA61F73E80862811389 /* NetworkClient.swift */,
				C14943F8FBF5DFE3BCF5C36E /* URLSessionNetworkClient.swift */,
			);
			path = Network;
			sourceTree = "<group>";
		};
		C47DC8B7AEAE8B15BEE97034 /* Security */ = {
			isa = PBXGroup;
			children = (
				57AA7756DCB7819E9E40588B /* BiometricAuthenticator.swift */,
				4A20191D7CC8903DA33EB4E8 /* KeychainClient.swift */,
			);
			path = Security;
			sourceTree = "<group>";
		};
		D04CDE6B519C403D70258E52 /* Modules */ = {
			isa = PBXGroup;
			children = (
				38C239CFC372EFA1ABA172E2 /* Auth */,
				F93F7B630D73C8A60848F529 /* Composer */,
				EEDF46F664AEE863082AB5F5 /* Feed */,
				522CDD07E02B6C8A7569A8CD /* Preferences */,
				2691171BF2346C9EFD8A73DD /* Search */,
			);
			path = Modules;
			sourceTree = "<group>";
		};
		D484BE0531EC3EE8CEB900BC /* Data */ = {
			isa = PBXGroup;
			children = (
				3EA942DFD0F1F2869D315AFE /* PreferencesService.swift */,
				8FB1C76B1E994FF83EDB9C60 /* PreferencesServiceMock.swift */,
			);
			path = Data;
			sourceTree = "<group>";
		};
		E50BF3E4F4F5F4E18DF0E25A /* Presentation */ = {
			isa = PBXGroup;
			children = (
				F6C4F0BA1C16050EEFC711F7 /* LegalDocumentSheet.swift */,
				D1AF14D50760FA133BBA8F95 /* OTPVerificationScreen.swift */,
				AFCBD805D24DF4B96012BBD8 /* OTPVerificationViewModel.swift */,
				8D32CCCC73416DDC8FE737F2 /* PendingVerificationWallScreen.swift */,
				7362EBBA071656F050B7594F /* RegisterScreen.swift */,
				B11BC65BF4635177B10BE27B /* RegisterViewModel.swift */,
				A318B3CD630356E9820E3E05 /* RejectedScreen.swift */,
				F5E4D90DD495FE10B8F64CCF /* SignInScreen.swift */,
				7B7C835AAAE7BABE2C20F4B8 /* SignInViewModel.swift */,
				805E74C9E77F7D6F1F385A42 /* SplashScreen.swift */,
				C1708104A96C7CCF2D5FDE1C /* VerificationWallViewModel.swift */,
				69AE17D2A794C35EBCDAC29E /* WelcomeScreen.swift */,
			);
			path = Presentation;
			sourceTree = "<group>";
		};
		EB4D5BB51B5FF5FCB3CFF558 /* TrustNet */ = {
			isa = PBXGroup;
			children = (
				9C829C8FB800CD24D940DE65 /* App */,
				760EDDFB71467A6976F71E6E /* Core */,
				D04CDE6B519C403D70258E52 /* Modules */,
				811273C861F85B25DF5AE7A6 /* Resources */,
			);
			path = TrustNet;
			sourceTree = "<group>";
		};
		EEDF46F664AEE863082AB5F5 /* Feed */ = {
			isa = PBXGroup;
			children = (
				5F786B8C7AF71ABB371A7A34 /* Data */,
				F7D39D171105F9D8BD4351FE /* Domain */,
				B225B84F153005518369B764 /* Presentation */,
			);
			path = Feed;
			sourceTree = "<group>";
		};
		F7D39D171105F9D8BD4351FE /* Domain */ = {
			isa = PBXGroup;
			children = (
				E6B3F251231CE5091ECAF3D1 /* FeedModels.swift */,
				78E9E718A0E29331578EC6B0 /* FeedServiceProtocol.swift */,
				21FABC07B0387E6139B7AF5B /* PostPresentation.swift */,
			);
			path = Domain;
			sourceTree = "<group>";
		};
		F93F7B630D73C8A60848F529 /* Composer */ = {
			isa = PBXGroup;
			children = (
				A37AB72761E38415502AEA66 /* Data */,
				6557D66875024C0E7C2834C9 /* Domain */,
				5351897F69E3C969A75551CB /* Presentation */,
			);
			path = Composer;
			sourceTree = "<group>";
		};
/* End PBXGroup section */

/* Begin PBXNativeTarget section */
		62AC9B7E0692CE112D695725 /* TrustNetTests */ = {
			isa = PBXNativeTarget;
			buildConfigurationList = 504A7154A8514767ECFC0FD8 /* Build configuration list for PBXNativeTarget "TrustNetTests" */;
			buildPhases = (
				AA874B5D0A6C8A311FE1E8E0 /* Sources */,
			);
			buildRules = (
			);
			dependencies = (
				20FF639C0597626E7BADA522 /* PBXTargetDependency */,
			);
			name = TrustNetTests;
			productName = TrustNetTests;
			productReference = C0A8AF30B295A745357818A5 /* TrustNetTests.xctest */;
			productType = "com.apple.product-type.bundle.unit-test";
		};
		BE0F66B2D8256FFA99284340 /* TrustNet */ = {
			isa = PBXNativeTarget;
			buildConfigurationList = F3A9F1053740A762D9F102A7 /* Build configuration list for PBXNativeTarget "TrustNet" */;
			buildPhases = (
				84A0EDD1E642F5F614398B56 /* Sources */,
				9E777FFD93E48FA59CEED40B /* Resources */,
			);
			buildRules = (
			);
			dependencies = (
			);
			name = TrustNet;
			productName = TrustNet;
			productReference = 046ECE32841030F33231E0D2 /* TrustNet.app */;
			productType = "com.apple.product-type.application";
		};
		CA0F297F8838CC5ABB5CFD7F /* TrustNetUITests */ = {
			isa = PBXNativeTarget;
			buildConfigurationList = C6FFA99AC9A62F32AB2D09A1 /* Build configuration list for PBXNativeTarget "TrustNetUITests" */;
			buildPhases = (
				8A508B2B1004C890B3C49272 /* Sources */,
			);
			buildRules = (
			);
			dependencies = (
				58464D25B79B242A27FA55B2 /* PBXTargetDependency */,
			);
			name = TrustNetUITests;
			productName = TrustNetUITests;
			productReference = 0B644C448AA8CCAE4E36E035 /* TrustNetUITests.xctest */;
			productType = "com.apple.product-type.bundle.ui-testing";
		};
/* End PBXNativeTarget section */

/* Begin PBXProject section */
		C920DDAA1786D85FDA6F1539 /* Project object */ = {
			isa = PBXProject;
			attributes = {
				BuildIndependentTargetsInParallel = YES;
				LastUpgradeCheck = 1430;
				TargetAttributes = {
					BE0F66B2D8256FFA99284340 = {
						ProvisioningStyle = Automatic;
					};
					CA0F297F8838CC5ABB5CFD7F = {
						TestTargetID = BE0F66B2D8256FFA99284340;
					};
				};
			};
			buildConfigurationList = BF9A62EFA5B07D59C3C99DF0 /* Build configuration list for PBXProject "TrustNet" */;
			compatibilityVersion = "Xcode 14.0";
			developmentRegion = en;
			hasScannedForEncodings = 0;
			knownRegions = (
				Base,
				en,
			);
			mainGroup = A8698B05D7620B6DE7AE6B86;
			projectDirPath = "";
			projectRoot = "";
			targets = (
				BE0F66B2D8256FFA99284340 /* TrustNet */,
				62AC9B7E0692CE112D695725 /* TrustNetTests */,
				CA0F297F8838CC5ABB5CFD7F /* TrustNetUITests */,
			);
		};
/* End PBXProject section */

/* Begin PBXResourcesBuildPhase section */
		9E777FFD93E48FA59CEED40B /* Resources */ = {
			isa = PBXResourcesBuildPhase;
			buildActionMask = 2147483647;
			files = (
				4AF414A4DA9AB769DE3CF75E /* Assets.xcassets in Resources */,
			);
			runOnlyForDeploymentPostprocessing = 0;
		};
/* End PBXResourcesBuildPhase section */

/* Begin PBXSourcesBuildPhase section */
		84A0EDD1E642F5F614398B56 /* Sources */ = {
			isa = PBXSourcesBuildPhase;
			buildActionMask = 2147483647;
			files = (
				A60D313130D9F095D2F2F864 /* APIError.swift in Sources */,
				438D266B20F9C11A1350334D /* AccessTokenProvider.swift in Sources */,
				22EB8D8DBBCA5370C17DB0ED /* AnalyticsClient.swift in Sources */,
				CF743BBB4D73BCED228E8EF2 /* AppConfig.swift in Sources */,
				93C2C1B92ADACF92D0EC1CC8 /* AppContainer.swift in Sources */,
				4AD53A4CA754EA22C9706CFF /* AppRouter.swift in Sources */,
				E2C6355961E548D38578864E /* AuthModels.swift in Sources */,
				3225417190BB5E80122D9E5E /* AuthService.swift in Sources */,
				AA269762280CE4A66DD1A7B5 /* AuthServiceMock.swift in Sources */,
				3B93B7730826169A87177219 /* AuthServiceProtocol.swift in Sources */,
				865A28C5799AC802A7CA2FC4 /* AuthSession.swift in Sources */,
				DB99B6B5317FD962110ABE62 /* AuthSessionProtocol.swift in Sources */,
				0FBBF62DA5F5B05121F4401D /* AuthTokenStore.swift in Sources */,
				49BEDEA41BC20D4B99814124 /* BiometricAuthenticator.swift in Sources */,
				BA7B1BA62746A905867E235F /* ComposeScope.swift in Sources */,
				3C07F2A471D1CC43D6E0A2DB /* ComposerContext.swift in Sources */,
				AC7D8EA5855AE7EC8EEBD98C /* ComposerModels.swift in Sources */,
				B1D7A16805AA9300B67741F5 /* ComposerService.swift in Sources */,
				17E623E29193C051A3573610 /* ComposerServiceMock.swift in Sources */,
				5513F4A37757F81CFBB08E01 /* ComposerServiceProtocol.swift in Sources */,
				DD23D1E686812678ECF20DCB /* ComposerSheetScreen.swift in Sources */,
				EB1E0F165B494CCC597042BD /* ComposerViewModel.swift in Sources */,
				2A702AE143E2AA20C8E51B6E /* ExploreScreen.swift in Sources */,
				F064AE71A88899AE34CA0ABC /* ExploreViewModel.swift in Sources */,
				2094CF1DD7F0790C10DD942A /* FeatureFlags.swift in Sources */,
				2EF86D6C3F3D6C3041917E61 /* FeedModels.swift in Sources */,
				27BA8A0536A33B4D173F21F5 /* FeedService.swift in Sources */,
				C76C7D76B2323F3C4BB3B255 /* FeedServiceMock.swift in Sources */,
				51CAFD1B113BDBB9CF41B10B /* FeedServiceProtocol.swift in Sources */,
				6FDBA04EC1B9E3FB9F759FA4 /* HomeScreen.swift in Sources */,
				30C4C069658A4282181B6754 /* HomeViewModel.swift in Sources */,
				A128E6EAB63C1D01A24AB91B /* KeychainClient.swift in Sources */,
				6C3FC744FEEB41EB36A36E24 /* LegalDocumentSheet.swift in Sources */,
				63F5F4182D7FDAB42B23CDA5 /* MainTabView.swift in Sources */,
				77361F43D1E0CCE2EB64392A /* NavigationBarModifier.swift in Sources */,
				493768E44BAAACDDFDD2F751 /* NetworkClient.swift in Sources */,
				FF006EF40CA00463144CEC9A /* NotificationsScreen.swift in Sources */,
				2B5F312877BE40A197C0BB54 /* OTPVerificationScreen.swift in Sources */,
				82913C800E5DB20EE9DF7126 /* OTPVerificationViewModel.swift in Sources */,
				B0CFB5552351D6271F517C98 /* PasswordStrength.swift in Sources */,
				D13AEE76FBF7DA59CC4E8265 /* PendingVerificationWallScreen.swift in Sources */,
				46740B541AF786CDC7665FF3 /* PostCardView.swift in Sources */,
				05754950507059CC6C17D42A /* PostDetailScreen.swift in Sources */,
				118673B379F4ACC9A59B79C2 /* PostDetailViewModel.swift in Sources */,
				F59BE0BC2776C4546046320A /* PostPresentation.swift in Sources */,
				2A4C0F3D87A9BC1DBA3802D1 /* PreferencesModels.swift in Sources */,
				564A65932A5AB0C055F41B49 /* PreferencesScreen.swift in Sources */,
				8D0E108C52EC628B15058BE4 /* PreferencesService.swift in Sources */,
				DD4B1A91C0083B1C10DE9A58 /* PreferencesServiceMock.swift in Sources */,
				6B074A66D050E28B9E38089A /* PreferencesServiceProtocol.swift in Sources */,
				29F6253B93A11F307A0DFFCE /* PreferencesViewModel.swift in Sources */,
				7223B9AA7CB28E097998D608 /* RegisterScreen.swift in Sources */,
				2EF560C0B198428BB613F623 /* RegisterViewModel.swift in Sources */,
				13E1759EE6DF3E2485D3467D /* RejectedScreen.swift in Sources */,
				C8E249AC714BCC5721BBC211 /* ReplyComposerBar.swift in Sources */,
				E71F5145C727D9696DB59028 /* RootView.swift in Sources */,
				7B9C33FDB25591B597BF486F /* ScopePickerView.swift in Sources */,
				59C1C29366D9EF765B575FAD /* SearchModels.swift in Sources */,
				B93405AE5CC22BD4DB1B7F91 /* SearchService.swift in Sources */,
				2B5513463BAC20F4F12A9F52 /* SearchServiceMock.swift in Sources */,
				2902B666E7E2E2B15C402B5A /* SearchServiceProtocol.swift in Sources */,
				6F5759283A7CF02F7CD0EB2D /* SessionAccessTokenProvider.swift in Sources */,
				474F125CE8B51B500007B673 /* SignInScreen.swift in Sources */,
				FB0CD5B5CFAD1269F6D07827 /* SignInViewModel.swift in Sources */,
				30222194EBAC0404C376B962 /* SplashScreen.swift in Sources */,
				59D885E4303E661C202685D8 /* StorageClient.swift in Sources */,
				013B738CB158A49CE8195EB9 /* TNAvatar.swift in Sources */,
				2A037E530AA7021EC15504F6 /* TNBadge.swift in Sources */,
				CE9165EC6A11DF7BA1ED4E58 /* TNButton.swift in Sources */,
				BA28560FA097FFE30F0F380A /* TNCard.swift in Sources */,
				9BBB8D956A0DFBDDE0EC5519 /* TNChip.swift in Sources */,
				8A7A8CF736FEF736C30FD658 /* TNColor.swift in Sources */,
				F3D9A867636EB574253E7D4E /* TNCountryBadge.swift in Sources */,
				440159FEA8401458A3C248DE /* TNDivider.swift in Sources */,
				605388556EEEC717FF9DC338 /* TNEmptyState.swift in Sources */,
				AEC13EB9D5AC9F0FED8D4199 /* TNProgressBar.swift in Sources */,
				7C059B0FA3CAA9B4E2F68D61 /* TNSegmentedControl.swift in Sources */,
				FECD7A8A01E9351CB8F0B0C1 /* TNShimmer.swift in Sources */,
				5C3D7D2297EBE9024173FDF8 /* TNTabBar.swift in Sources */,
				05ADDCF845B501B447C59046 /* TNTextField.swift in Sources */,
				B8BBE5C9269C955430660885 /* TNToast.swift in Sources */,
				D023B280E06A1A5F2A9EA909 /* TNTypography.swift in Sources */,
				50C0C23E43B778D7A3A3CB60 /* TNVerifiedBadge.swift in Sources */,
				0605EC0224EEB15A2DE74EBC /* TrustNetApp.swift in Sources */,
				8590DC5102E14E48C4787B8D /* URLSessionNetworkClient.swift in Sources */,
				9D7F59B50B1B4EA1690BBA9A /* VerificationWallViewModel.swift in Sources */,
				B82A9E890220F79A609484AE /* WelcomeScreen.swift in Sources */,
			);
			runOnlyForDeploymentPostprocessing = 0;
		};
		8A508B2B1004C890B3C49272 /* Sources */ = {
			isa = PBXSourcesBuildPhase;
			buildActionMask = 2147483647;
			files = (
				1E1EB099C000A8D02052F672 /* ComposerJourneyUITests.swift in Sources */,
				62AE56E3A57B93930FF4C2EA /* FeedJourneyUITests.swift in Sources */,
				77C46DFD98B182988BCBCBAF /* LiveSignInUITests.swift in Sources */,
				4571ADB74242903ACC3136A9 /* PreferencesJourneyUITests.swift in Sources */,
			);
			runOnlyForDeploymentPostprocessing = 0;
		};
		AA874B5D0A6C8A311FE1E8E0 /* Sources */ = {
			isa = PBXSourcesBuildPhase;
			buildActionMask = 2147483647;
			files = (
				B9B23F7FB517B5F55BBFF78A /* APIContractTests.swift in Sources */,
				40F99D64CAE73AD4F4AC3097 /* AuthSessionTests.swift in Sources */,
				829ABEE5D042184C332C4997 /* ComposerModelsTests.swift in Sources */,
				1AC0CB85FA08DA1BE29AE56E /* ComposerServiceTests.swift in Sources */,
				1480EFA0E2F549CE87C3B6BD /* ComposerViewModelTests.swift in Sources */,
				EB3EA8E689DF26560C2A7028 /* ExploreViewModelTests.swift in Sources */,
				8984E297C6461138D233BDE5 /* FeedContractTests.swift in Sources */,
				6F158D106A1F9E9557228EAE /* FeedServiceTests.swift in Sources */,
				1815AACD44D76EBF0D01E443 /* HomeViewModelTests.swift in Sources */,
				6EA08CC92D9E2263A2AEA3D8 /* LiveAPITests.swift in Sources */,
				BFC069C3D117FA936510EF7D /* LiveComposerSearchTests.swift in Sources */,
				5C3323E294B044B70EE2AB68 /* LiveFeedTests.swift in Sources */,
				E3CEF9B9C8DEF4A7620CC4E3 /* LivePreferencesTests.swift in Sources */,
				53A0F22C352D2D50E9F7C5E6 /* NewPostVisibilityTests.swift in Sources */,
				066BD5191D305E3FD7D00918 /* OTPVerificationViewModelTests.swift in Sources */,
				CF02B20239EF755BE6E734F1 /* PostDetailViewModelTests.swift in Sources */,
				42922245DE417E5B123414C4 /* PostPresentationTests.swift in Sources */,
				B8100DB17F5E6DBED74155A5 /* PreferencesServiceTests.swift in Sources */,
				2371656DC542AA462CBD004D /* PreferencesViewModelTests.swift in Sources */,
				D0D11F127C6E4DB81D41B263 /* RegisterViewModelTests.swift in Sources */,
				955500777723A2543E8DD001 /* SearchServiceTests.swift in Sources */,
				1841D8931A3F3C2AB1F57EF9 /* SignInViewModelTests.swift in Sources */,
				5882902EA1CDD353512039CD /* VerificationWallTests.swift in Sources */,
			);
			runOnlyForDeploymentPostprocessing = 0;
		};
/* End PBXSourcesBuildPhase section */

/* Begin PBXTargetDependency section */
		20FF639C0597626E7BADA522 /* PBXTargetDependency */ = {
			isa = PBXTargetDependency;
			target = BE0F66B2D8256FFA99284340 /* TrustNet */;
			targetProxy = 0C7C082BC4A4B2C4C7D3EC96 /* PBXContainerItemProxy */;
		};
		58464D25B79B242A27FA55B2 /* PBXTargetDependency */ = {
			isa = PBXTargetDependency;
			target = BE0F66B2D8256FFA99284340 /* TrustNet */;
			targetProxy = 4DBE3FD3EAC3F0AC3F6CDE1B /* PBXContainerItemProxy */;
		};
/* End PBXTargetDependency section */

/* Begin XCBuildConfiguration section */
		12E125039A3157D76B052806 /* Release */ = {
			isa = XCBuildConfiguration;
			buildSettings = {
				BUNDLE_LOADER = "$(TEST_HOST)";
				CODE_SIGNING_ALLOWED = NO;
				GENERATE_INFOPLIST_FILE = YES;
				IPHONEOS_DEPLOYMENT_TARGET = 17.0;
				LD_RUNPATH_SEARCH_PATHS = (
					"$(inherited)",
					"@executable_path/Frameworks",
					"@loader_path/Frameworks",
				);
				PRODUCT_BUNDLE_IDENTIFIER = com.socialsa.trustnet.tests;
				SDKROOT = iphoneos;
				TARGETED_DEVICE_FAMILY = "1,2";
				TEST_HOST = "$(BUILT_PRODUCTS_DIR)/TrustNet.app/TrustNet";
			};
			name = Release;
		};
		2C4CE29C78A5C3962687CD05 /* Debug */ = {
			isa = XCBuildConfiguration;
			buildSettings = {
				ALWAYS_SEARCH_USER_PATHS = NO;
				CLANG_ANALYZER_NONNULL = YES;
				CLANG_ANALYZER_NUMBER_OBJECT_CONVERSION = YES_AGGRESSIVE;
				CLANG_CXX_LANGUAGE_STANDARD = "gnu++14";
				CLANG_CXX_LIBRARY = "libc++";
				CLANG_ENABLE_MODULES = YES;
				CLANG_ENABLE_OBJC_ARC = YES;
				CLANG_ENABLE_OBJC_WEAK = YES;
				CLANG_WARN_BLOCK_CAPTURE_AUTORELEASING = YES;
				CLANG_WARN_BOOL_CONVERSION = YES;
				CLANG_WARN_COMMA = YES;
				CLANG_WARN_CONSTANT_CONVERSION = YES;
				CLANG_WARN_DEPRECATED_OBJC_IMPLEMENTATIONS = YES;
				CLANG_WARN_DIRECT_OBJC_ISA_USAGE = YES_ERROR;
				CLANG_WARN_DOCUMENTATION_COMMENTS = YES;
				CLANG_WARN_EMPTY_BODY = YES;
				CLANG_WARN_ENUM_CONVERSION = YES;
				CLANG_WARN_INFINITE_RECURSION = YES;
				CLANG_WARN_INT_CONVERSION = YES;
				CLANG_WARN_NON_LITERAL_NULL_CONVERSION = YES;
				CLANG_WARN_OBJC_IMPLICIT_RETAIN_SELF = YES;
				CLANG_WARN_OBJC_LITERAL_CONVERSION = YES;
				CLANG_WARN_OBJC_ROOT_CLASS = YES_ERROR;
				CLANG_WARN_QUOTED_INCLUDE_IN_FRAMEWORK_HEADER = YES;
				CLANG_WARN_RANGE_LOOP_ANALYSIS = YES;
				CLANG_WARN_STRICT_PROTOTYPES = YES;
				CLANG_WARN_SUSPICIOUS_MOVE = YES;
				CLANG_WARN_UNGUARDED_AVAILABILITY = YES_AGGRESSIVE;
				CLANG_WARN_UNREACHABLE_CODE = YES;
				CLANG_WARN__DUPLICATE_METHOD_MATCH = YES;
				COPY_PHASE_STRIP = NO;
				DEBUG_INFORMATION_FORMAT = dwarf;
				ENABLE_STRICT_OBJC_MSGSEND = YES;
				ENABLE_TESTABILITY = YES;
				ENABLE_USER_SCRIPT_SANDBOXING = NO;
				GCC_C_LANGUAGE_STANDARD = gnu11;
				GCC_DYNAMIC_NO_PIC = NO;
				GCC_NO_COMMON_BLOCKS = YES;
				GCC_OPTIMIZATION_LEVEL = 0;
				GCC_PREPROCESSOR_DEFINITIONS = (
					"$(inherited)",
					"DEBUG=1",
				);
				GCC_WARN_64_TO_32_BIT_CONVERSION = YES;
				GCC_WARN_ABOUT_RETURN_TYPE = YES_ERROR;
				GCC_WARN_UNDECLARED_SELECTOR = YES;
				GCC_WARN_UNINITIALIZED_AUTOS = YES_AGGRESSIVE;
				GCC_WARN_UNUSED_FUNCTION = YES;
				GCC_WARN_UNUSED_VARIABLE = YES;
				IPHONEOS_DEPLOYMENT_TARGET = 17.0;
				MTL_ENABLE_DEBUG_INFO = INCLUDE_SOURCE;
				MTL_FAST_MATH = YES;
				ONLY_ACTIVE_ARCH = YES;
				PRODUCT_NAME = "$(TARGET_NAME)";
				SDKROOT = iphoneos;
				SWIFT_ACTIVE_COMPILATION_CONDITIONS = DEBUG;
				SWIFT_OPTIMIZATION_LEVEL = "-Onone";
				SWIFT_VERSION = 5.9;
			};
			name = Debug;
		};
		4F70F38E3114CC5FE8CE129B /* Debug */ = {
			isa = XCBuildConfiguration;
			buildSettings = {
				ASSETCATALOG_COMPILER_APPICON_NAME = AppIcon;
				ASSETCATALOG_COMPILER_GLOBAL_ACCENT_COLOR_NAME = AccentColor;
				CODE_SIGNING_ALLOWED = NO;
				CODE_SIGNING_REQUIRED = NO;
				CODE_SIGN_IDENTITY = "iPhone Developer";
				CODE_SIGN_STYLE = Automatic;
				DEVELOPMENT_ASSET_PATHS = "";
				INFOPLIST_FILE = TrustNet/Resources/Info.plist;
				IPHONEOS_DEPLOYMENT_TARGET = 17.0;
				LD_RUNPATH_SEARCH_PATHS = (
					"$(inherited)",
					"@executable_path/Frameworks",
				);
				PRODUCT_BUNDLE_IDENTIFIER = com.socialsa.trustnet;
				PRODUCT_NAME = TrustNet;
				SDKROOT = iphoneos;
				SWIFT_EMIT_LOC_STRINGS = YES;
				TARGETED_DEVICE_FAMILY = "1,2";
			};
			name = Debug;
		};
		57C8FB725611EB70DC539D30 /* Debug */ = {
			isa = XCBuildConfiguration;
			buildSettings = {
				BUNDLE_LOADER = "$(TEST_HOST)";
				CODE_SIGNING_ALLOWED = NO;
				GENERATE_INFOPLIST_FILE = YES;
				IPHONEOS_DEPLOYMENT_TARGET = 17.0;
				LD_RUNPATH_SEARCH_PATHS = (
					"$(inherited)",
					"@executable_path/Frameworks",
					"@loader_path/Frameworks",
				);
				PRODUCT_BUNDLE_IDENTIFIER = com.socialsa.trustnet.tests;
				SDKROOT = iphoneos;
				TARGETED_DEVICE_FAMILY = "1,2";
				TEST_HOST = "$(BUILT_PRODUCTS_DIR)/TrustNet.app/TrustNet";
			};
			name = Debug;
		};
		8E11E84BD9B801C94D99923F /* Release */ = {
			isa = XCBuildConfiguration;
			buildSettings = {
				ALWAYS_SEARCH_USER_PATHS = NO;
				CLANG_ANALYZER_NONNULL = YES;
				CLANG_ANALYZER_NUMBER_OBJECT_CONVERSION = YES_AGGRESSIVE;
				CLANG_CXX_LANGUAGE_STANDARD = "gnu++14";
				CLANG_CXX_LIBRARY = "libc++";
				CLANG_ENABLE_MODULES = YES;
				CLANG_ENABLE_OBJC_ARC = YES;
				CLANG_ENABLE_OBJC_WEAK = YES;
				CLANG_WARN_BLOCK_CAPTURE_AUTORELEASING = YES;
				CLANG_WARN_BOOL_CONVERSION = YES;
				CLANG_WARN_COMMA = YES;
				CLANG_WARN_CONSTANT_CONVERSION = YES;
				CLANG_WARN_DEPRECATED_OBJC_IMPLEMENTATIONS = YES;
				CLANG_WARN_DIRECT_OBJC_ISA_USAGE = YES_ERROR;
				CLANG_WARN_DOCUMENTATION_COMMENTS = YES;
				CLANG_WARN_EMPTY_BODY = YES;
				CLANG_WARN_ENUM_CONVERSION = YES;
				CLANG_WARN_INFINITE_RECURSION = YES;
				CLANG_WARN_INT_CONVERSION = YES;
				CLANG_WARN_NON_LITERAL_NULL_CONVERSION = YES;
				CLANG_WARN_OBJC_IMPLICIT_RETAIN_SELF = YES;
				CLANG_WARN_OBJC_LITERAL_CONVERSION = YES;
				CLANG_WARN_OBJC_ROOT_CLASS = YES_ERROR;
				CLANG_WARN_QUOTED_INCLUDE_IN_FRAMEWORK_HEADER = YES;
				CLANG_WARN_RANGE_LOOP_ANALYSIS = YES;
				CLANG_WARN_STRICT_PROTOTYPES = YES;
				CLANG_WARN_SUSPICIOUS_MOVE = YES;
				CLANG_WARN_UNGUARDED_AVAILABILITY = YES_AGGRESSIVE;
				CLANG_WARN_UNREACHABLE_CODE = YES;
				CLANG_WARN__DUPLICATE_METHOD_MATCH = YES;
				COPY_PHASE_STRIP = NO;
				DEBUG_INFORMATION_FORMAT = "dwarf-with-dsym";
				ENABLE_NS_ASSERTIONS = NO;
				ENABLE_STRICT_OBJC_MSGSEND = YES;
				ENABLE_USER_SCRIPT_SANDBOXING = NO;
				GCC_C_LANGUAGE_STANDARD = gnu11;
				GCC_NO_COMMON_BLOCKS = YES;
				GCC_WARN_64_TO_32_BIT_CONVERSION = YES;
				GCC_WARN_ABOUT_RETURN_TYPE = YES_ERROR;
				GCC_WARN_UNDECLARED_SELECTOR = YES;
				GCC_WARN_UNINITIALIZED_AUTOS = YES_AGGRESSIVE;
				GCC_WARN_UNUSED_FUNCTION = YES;
				GCC_WARN_UNUSED_VARIABLE = YES;
				IPHONEOS_DEPLOYMENT_TARGET = 17.0;
				MTL_ENABLE_DEBUG_INFO = NO;
				MTL_FAST_MATH = YES;
				PRODUCT_NAME = "$(TARGET_NAME)";
				SDKROOT = iphoneos;
				SWIFT_COMPILATION_MODE = wholemodule;
				SWIFT_OPTIMIZATION_LEVEL = "-O";
				SWIFT_VERSION = 5.9;
			};
			name = Release;
		};
		A89D979022A145AE301DDE8C /* Release */ = {
			isa = XCBuildConfiguration;
			buildSettings = {
				BUNDLE_LOADER = "$(TEST_HOST)";
				CODE_SIGNING_ALLOWED = NO;
				GENERATE_INFOPLIST_FILE = YES;
				IPHONEOS_DEPLOYMENT_TARGET = 17.0;
				LD_RUNPATH_SEARCH_PATHS = (
					"$(inherited)",
					"@executable_path/Frameworks",
					"@loader_path/Frameworks",
				);
				PRODUCT_BUNDLE_IDENTIFIER = com.socialsa.trustnet.uitests;
				SDKROOT = iphoneos;
				TARGETED_DEVICE_FAMILY = "1,2";
				TEST_TARGET_NAME = TrustNet;
			};
			name = Release;
		};
		D6EC5D3A00EECE77E6AACAE2 /* Release */ = {
			isa = XCBuildConfiguration;
			buildSettings = {
				ASSETCATALOG_COMPILER_APPICON_NAME = AppIcon;
				ASSETCATALOG_COMPILER_GLOBAL_ACCENT_COLOR_NAME = AccentColor;
				CODE_SIGNING_ALLOWED = NO;
				CODE_SIGNING_REQUIRED = NO;
				CODE_SIGN_IDENTITY = "iPhone Developer";
				CODE_SIGN_STYLE = Automatic;
				DEVELOPMENT_ASSET_PATHS = "";
				INFOPLIST_FILE = TrustNet/Resources/Info.plist;
				IPHONEOS_DEPLOYMENT_TARGET = 17.0;
				LD_RUNPATH_SEARCH_PATHS = (
					"$(inherited)",
					"@executable_path/Frameworks",
				);
				PRODUCT_BUNDLE_IDENTIFIER = com.socialsa.trustnet;
				PRODUCT_NAME = TrustNet;
				SDKROOT = iphoneos;
				SWIFT_EMIT_LOC_STRINGS = YES;
				TARGETED_DEVICE_FAMILY = "1,2";
			};
			name = Release;
		};
		E449C7277FA9704A98F7FCC9 /* Debug */ = {
			isa = XCBuildConfiguration;
			buildSettings = {
				BUNDLE_LOADER = "$(TEST_HOST)";
				CODE_SIGNING_ALLOWED = NO;
				GENERATE_INFOPLIST_FILE = YES;
				IPHONEOS_DEPLOYMENT_TARGET = 17.0;
				LD_RUNPATH_SEARCH_PATHS = (
					"$(inherited)",
					"@executable_path/Frameworks",
					"@loader_path/Frameworks",
				);
				PRODUCT_BUNDLE_IDENTIFIER = com.socialsa.trustnet.uitests;
				SDKROOT = iphoneos;
				TARGETED_DEVICE_FAMILY = "1,2";
				TEST_TARGET_NAME = TrustNet;
			};
			name = Debug;
		};
/* End XCBuildConfiguration section */

/* Begin XCConfigurationList section */
		504A7154A8514767ECFC0FD8 /* Build configuration list for PBXNativeTarget "TrustNetTests" */ = {
			isa = XCConfigurationList;
			buildConfigurations = (
				57C8FB725611EB70DC539D30 /* Debug */,
				12E125039A3157D76B052806 /* Release */,
			);
			defaultConfigurationIsVisible = 0;
			defaultConfigurationName = Debug;
		};
		BF9A62EFA5B07D59C3C99DF0 /* Build configuration list for PBXProject "TrustNet" */ = {
			isa = XCConfigurationList;
			buildConfigurations = (
				2C4CE29C78A5C3962687CD05 /* Debug */,
				8E11E84BD9B801C94D99923F /* Release */,
			);
			defaultConfigurationIsVisible = 0;
			defaultConfigurationName = Debug;
		};
		C6FFA99AC9A62F32AB2D09A1 /* Build configuration list for PBXNativeTarget "TrustNetUITests" */ = {
			isa = XCConfigurationList;
			buildConfigurations = (
				E449C7277FA9704A98F7FCC9 /* Debug */,
				A89D979022A145AE301DDE8C /* Release */,
			);
			defaultConfigurationIsVisible = 0;
			defaultConfigurationName = Debug;
		};
		F3A9F1053740A762D9F102A7 /* Build configuration list for PBXNativeTarget "TrustNet" */ = {
			isa = XCConfigurationList;
			buildConfigurations = (
				4F70F38E3114CC5FE8CE129B /* Debug */,
				D6EC5D3A00EECE77E6AACAE2 /* Release */,
			);
			defaultConfigurationIsVisible = 0;
			defaultConfigurationName = Debug;
		};
/* End XCConfigurationList section */
	};
	rootObject = C920DDAA1786D85FDA6F1539 /* Project object */;
}
